
Microsoft Visual Studio Solution File, Format Version 12.00
# Visual Studio Version 17
VisualStudioVersion = 17.0.31903.59
MinimumVisualStudioVersion = 10.0.40219.1
Project("{9A19103F-16F7-4668-BE54-9A1E7A4F7556}") = "UserManagement.API", "Services\UserManagement.API\UserManagement.API.csproj", "{209C58DD-2E29-411A-B2E0-BFD3D5EE5BE8}"
EndProject
Project("{9A19103F-16F7-4668-BE54-9A1E7A4F7556}") = "Donations.API", "Services\Donations.API\Donations.API.csproj", "{50BBB147-4A9E-4346-AAB3-8E9E6CA6E205}"
EndProject
Project("{9A19103F-16F7-4668-BE54-9A1E7A4F7556}") = "ModelLibrary", "Services\ModelLibrary\ModelLibrary.csproj", "{FC88A84A-65CC-4B20-971E-B794E2FDE759}"
EndProject
Project("{FAE04EC0-301F-11D3-BF4B-00C04F79EFBC}") = "FileServer.API", "Services\FileServer.API\FileServer.API.csproj", "{4F466D95-D478-4B00-983B-304196F00D58}"
EndProject
Global
	GlobalSection(SolutionConfigurationPlatforms) = preSolution
		Debug|Any CPU = Debug|Any CPU
		Release|Any CPU = Release|Any CPU
	EndGlobalSection
	GlobalSection(ProjectConfigurationPlatforms) = postSolution
		{209C58DD-2E29-411A-B2E0-BFD3D5EE5BE8}.Debug|Any CPU.ActiveCfg = Debug|Any CPU
		{209C58DD-2E29-411A-B2E0-BFD3D5EE5BE8}.Debug|Any CPU.Build.0 = Debug|Any CPU
		{209C58DD-2E29-411A-B2E0-BFD3D5EE5BE8}.Release|Any CPU.ActiveCfg = Release|Any CPU
		{209C58DD-2E29-411A-B2E0-BFD3D5EE5BE8}.Release|Any CPU.Build.0 = Release|Any CPU
		{50BBB147-4A9E-4346-AAB3-8E9E6CA6E205}.Debug|Any CPU.ActiveCfg = Debug|Any CPU
		{50BBB147-4A9E-4346-AAB3-8E9E6CA6E205}.Debug|Any CPU.Build.0 = Debug|Any CPU
		{50BBB147-4A9E-4346-AAB3-8E9E6CA6E205}.Release|Any CPU.ActiveCfg = Release|Any CPU
		{50BBB147-4A9E-4346-AAB3-8E9E6CA6E205}.Release|Any CPU.Build.0 = Release|Any CPU
		{FC88A84A-65CC-4B20-971E-B794E2FDE759}.Debug|Any CPU.ActiveCfg = Debug|Any CPU
		{FC88A84A-65CC-4B20-971E-B794E2FDE759}.Debug|Any CPU.Build.0 = Debug|Any CPU
		{FC88A84A-65CC-4B20-971E-B794E2FDE759}.Release|Any CPU.ActiveCfg = Release|Any CPU
		{FC88A84A-65CC-4B20-971E-B794E2FDE759}.Release|Any CPU.Build.0 = Release|Any CPU
		{4F466D95-D478-4B00-983B-304196F00D58}.Debug|Any CPU.ActiveCfg = Debug|Any CPU
		{4F466D95-D478-4B00-983B-304196F00D58}.Debug|Any CPU.Build.0 = Debug|Any CPU
		{4F466D95-D478-4B00-983B-304196F00D58}.Release|Any CPU.ActiveCfg = Release|Any CPU
		{4F466D95-D478-4B00-983B-304196F00D58}.Release|Any CPU.Build.0 = Release|Any CPU
	EndGlobalSection
	GlobalSection(SolutionProperties) = preSolution
		HideSolutionNode = FALSE
	EndGlobalSection
	GlobalSection(ExtensibilityGlobals) = postSolution
		SolutionGuid = {B026F264-C519-48A1-8007-FE837448F9EC}
	EndGlobalSection
EndGlobal
